
Microsoft Visual Studio Solution File, Format Version 12.00
# Visual Studio Version 17
VisualStudioVersion = 17.14.36603.0 d17.14
MinimumVisualStudioVersion = 10.0.40219.1
Project("{54A90642-561A-4BB1-A94E-469ADEE60C69}") = "github_iis_deployementdemo.client", "github_iis_deployementdemo.client\github_iis_deployementdemo.client.esproj", "{6C04CB0B-AFF2-BE56-6E4B-2C278F07799A}"
EndProject
Project("{FAE04EC0-301F-11D3-BF4B-00C04F79EFBC}") = "github_IIS_deployementDemo.Server", "github_IIS_deployementDemo.Server\github_IIS_deployementDemo.Server.csproj", "{4D8F8BFB-A662-43BB-8524-8E8B446151BA}"
EndProject
Global
	GlobalSection(SolutionConfigurationPlatforms) = preSolution
		Debug|Any CPU = Debug|Any CPU
		Release|Any CPU = Release|Any CPU
	EndGlobalSection
	GlobalSection(ProjectConfigurationPlatforms) = postSolution
		{6C04CB0B-AFF2-BE56-6E4B-2C278F07799A}.Debug|Any CPU.ActiveCfg = Debug|Any CPU
		{6C04CB0B-AFF2-BE56-6E4B-2C278F07799A}.Debug|Any CPU.Build.0 = Debug|Any CPU
		{6C04CB0B-AFF2-BE56-6E4B-2C278F07799A}.Debug|Any CPU.Deploy.0 = Debug|Any CPU
		{6C04CB0B-AFF2-BE56-6E4B-2C278F07799A}.Release|Any CPU.ActiveCfg = Release|Any CPU
		{6C04CB0B-AFF2-BE56-6E4B-2C278F07799A}.Release|Any CPU.Build.0 = Release|Any CPU
		{6C04CB0B-AFF2-BE56-6E4B-2C278F07799A}.Release|Any CPU.Deploy.0 = Release|Any CPU
		{4D8F8BFB-A662-43BB-8524-8E8B446151BA}.Debug|Any CPU.ActiveCfg = Debug|Any CPU
		{4D8F8BFB-A662-43BB-8524-8E8B446151BA}.Debug|Any CPU.Build.0 = Debug|Any CPU
		{4D8F8BFB-A662-43BB-8524-8E8B446151BA}.Release|Any CPU.ActiveCfg = Release|Any CPU
		{4D8F8BFB-A662-43BB-8524-8E8B446151BA}.Release|Any CPU.Build.0 = Release|Any CPU
	EndGlobalSection
	GlobalSection(SolutionProperties) = preSolution
		HideSolutionNode = FALSE
	EndGlobalSection
	GlobalSection(ExtensibilityGlobals) = postSolution
		SolutionGuid = {C620E9C4-FB60-4A94-944D-3EFE9BB9CF28}
	EndGlobalSection
EndGlobal
